
Microsoft Visual Studio Solution File, Format Version 12.00
# Visual Studio Version 16
VisualStudioVersion = 16.0.34031.81
MinimumVisualStudioVersion = 10.0.40219.1
Project("{2150E333-8FDC-42A3-9474-1A3956D46DE8}") = "Task0", "Task0", "{1FDD2CF5-ECBD-4D71-8ABD-C251C99CA175}"
EndProject
Project("{FAE04EC0-301F-11D3-BF4B-00C04F79EFBC}") = "Tyuiu.KaverinED.Sprint3.Task0.V18", "Tyuiu.KaverinED.Sprint3.Task0.V18\Tyuiu.KaverinED.Sprint3.Task0.V18.csproj", "{C9CAACE3-6AF4-4F93-8F93-93493937AF05}"
EndProject
Project("{FAE04EC0-301F-11D3-BF4B-00C04F79EFBC}") = "Tyuiu.KaverinED.Sprint3.Task0.V18.Lib", "Tyuiu.KaverinED.Sprint3.Task0.V18.Lib\Tyuiu.KaverinED.Sprint3.Task0.V18.Lib.csproj", "{CC143A49-22A5-45BE-80F5-742FCB732790}"
EndProject
Project("{FAE04EC0-301F-11D3-BF4B-00C04F79EFBC}") = "Tyuiu.KaverinED.Sprint3.Task0.V18.Test", "Tyuiu.KaverinED.Sprint3.Task0.V18.Test\Tyuiu.KaverinED.Sprint3.Task0.V18.Test.csproj", "{90D41894-D408-41A3-80D3-647340C945B3}"
EndProject
Project("{2150E333-8FDC-42A3-9474-1A3956D46DE8}") = "Task1", "Task1", "{06F0E300-8A99-4C30-B72D-0A64E969E59B}"
EndProject
Project("{FAE04EC0-301F-11D3-BF4B-00C04F79EFBC}") = "Tyuiu.KaverinED.Sprint3.Task1.V15", "Tyuiu.KaverinED.Sprint3.Task1.V15\Tyuiu.KaverinED.Sprint3.Task1.V15.csproj", "{4DC9742C-0E43-42C2-88F9-63934217AE74}"
EndProject
Project("{FAE04EC0-301F-11D3-BF4B-00C04F79EFBC}") = "Tyuiu.KaverinED.Sprint3.Task1.V15.Lib", "Tyuiu.KaverinED.Sprint3.Task1.V15.Lib\Tyuiu.KaverinED.Sprint3.Task1.V15.Lib.csproj", "{15C9BE0E-8A1D-4BF0-9583-57F95C628294}"
EndProject
Project("{FAE04EC0-301F-11D3-BF4B-00C04F79EFBC}") = "Tyuiu.KaverinED.Sprint3.Task1.V15.Test", "Tyuiu.KaverinED.Sprint3.Task1.V15.Test\Tyuiu.KaverinED.Sprint3.Task1.V15.Test.csproj", "{09EDD85A-35BA-4381-AA24-8D2A44BA9157}"
EndProject
Project("{2150E333-8FDC-42A3-9474-1A3956D46DE8}") = "Task2", "Task2", "{FEA26080-B79D-454B-907E-7EEB90C8EFB4}"
EndProject
Project("{FAE04EC0-301F-11D3-BF4B-00C04F79EFBC}") = "Tyuiu.KaverinED.Sprint3.Task2.V18", "Tyuiu.KaverinED.Sprint3.Task2.V18\Tyuiu.KaverinED.Sprint3.Task2.V18.csproj", "{494271D8-402E-486B-871A-C51F9A39B729}"
EndProject
Project("{FAE04EC0-301F-11D3-BF4B-00C04F79EFBC}") = "Tyuiu.KaverinED.Sprint3.Task2.V18.Lib", "Tyuiu.KaverinED.Sprint3.Task2.V18.Lib\Tyuiu.KaverinED.Sprint3.Task2.V18.Lib.csproj", "{C942D269-B17F-43C1-B122-B64B59520695}"
EndProject
Project("{FAE04EC0-301F-11D3-BF4B-00C04F79EFBC}") = "Tyuiu.KaverinED.Sprint3.Sprint3.Task2.V18.Test", "Tyuiu.KaverinED.Sprint3.Sprint3.Task2.V18.Test\Tyuiu.KaverinED.Sprint3.Sprint3.Task2.V18.Test.csproj", "{011B9D76-E394-4974-86ED-C3C837137828}"
EndProject
Project("{2150E333-8FDC-42A3-9474-1A3956D46DE8}") = "Task5", "Task5", "{3C7EF0EC-53A9-4F3B-A144-008E63AFDA89}"
EndProject
Project("{FAE04EC0-301F-11D3-BF4B-00C04F79EFBC}") = "Tyuiu.KaverinED.Sprint3.Task5.V1.Lib", "Tyuiu.KaverinED.Sprint3.Task5.V1.Lib\Tyuiu.KaverinED.Sprint3.Task5.V1.Lib.csproj", "{F15D6C0D-EE4F-4E88-8135-D1A7978DF5D1}"
EndProject
Project("{FAE04EC0-301F-11D3-BF4B-00C04F79EFBC}") = "Tyuiu.KaverinED.Sprint3.Task5.V1", "Tyuiu.KaverinED.Sprint3.Task5.V1\Tyuiu.KaverinED.Sprint3.Task5.V1.csproj", "{50B9E55E-B312-4B4B-9B87-F26A3A9BD18C}"
EndProject
Project("{FAE04EC0-301F-11D3-BF4B-00C04F79EFBC}") = "Tyuiu.KaverinED.Sprint3.Task5.V1.Test", "Tyuiu.KaverinED.Sprint3.Task5.V1.Test\Tyuiu.KaverinED.Sprint3.Task5.V1.Test.csproj", "{3B0E8BE3-5E6C-40BB-83B6-6F9C718ACA63}"
EndProject
Global
	GlobalSection(SolutionConfigurationPlatforms) = preSolution
		Debug|Any CPU = Debug|Any CPU
		Release|Any CPU = Release|Any CPU
	EndGlobalSection
	GlobalSection(ProjectConfigurationPlatforms) = postSolution
		{C9CAACE3-6AF4-4F93-8F93-93493937AF05}.Debug|Any CPU.ActiveCfg = Debug|Any CPU
		{C9CAACE3-6AF4-4F93-8F93-93493937AF05}.Debug|Any CPU.Build.0 = Debug|Any CPU
		{C9CAACE3-6AF4-4F93-8F93-93493937AF05}.Release|Any CPU.ActiveCfg = Release|Any CPU
		{C9CAACE3-6AF4-4F93-8F93-93493937AF05}.Release|Any CPU.Build.0 = Release|Any CPU
		{CC143A49-22A5-45BE-80F5-742FCB732790}.Debug|Any CPU.ActiveCfg = Debug|Any CPU
		{CC143A49-22A5-45BE-80F5-742FCB732790}.Debug|Any CPU.Build.0 = Debug|Any CPU
		{CC143A49-22A5-45BE-80F5-742FCB732790}.Release|Any CPU.ActiveCfg = Release|Any CPU
		{CC143A49-22A5-45BE-80F5-742FCB732790}.Release|Any CPU.Build.0 = Release|Any CPU
		{90D41894-D408-41A3-80D3-647340C945B3}.Debug|Any CPU.ActiveCfg = Debug|Any CPU
		{90D41894-D408-41A3-80D3-647340C945B3}.Debug|Any CPU.Build.0 = Debug|Any CPU
		{90D41894-D408-41A3-80D3-647340C945B3}.Release|Any CPU.ActiveCfg = Release|Any CPU
		{90D41894-D408-41A3-80D3-647340C945B3}.Release|Any CPU.Build.0 = Release|Any CPU
		{4DC9742C-0E43-42C2-88F9-63934217AE74}.Debug|Any CPU.ActiveCfg = Debug|Any CPU
		{4DC9742C-0E43-42C2-88F9-63934217AE74}.Debug|Any CPU.Build.0 = Debug|Any CPU
		{4DC9742C-0E43-42C2-88F9-63934217AE74}.Release|Any CPU.ActiveCfg = Release|Any CPU
		{4DC9742C-0E43-42C2-88F9-63934217AE74}.Release|Any CPU.Build.0 = Release|Any CPU
		{15C9BE0E-8A1D-4BF0-9583-57F95C628294}.Debug|Any CPU.ActiveCfg = Debug|Any CPU
		{15C9BE0E-8A1D-4BF0-9583-57F95C628294}.Debug|Any CPU.Build.0 = Debug|Any CPU
		{15C9BE0E-8A1D-4BF0-9583-57F95C628294}.Release|Any CPU.ActiveCfg = Release|Any CPU
		{15C9BE0E-8A1D-4BF0-9583-57F95C628294}.Release|Any CPU.Build.0 = Release|Any CPU
		{09EDD85A-35BA-4381-AA24-8D2A44BA9157}.Debug|Any CPU.ActiveCfg = Debug|Any CPU
		{09EDD85A-35BA-4381-AA24-8D2A44BA9157}.Debug|Any CPU.Build.0 = Debug|Any CPU
		{09EDD85A-35BA-4381-AA24-8D2A44BA9157}.Release|Any CPU.ActiveCfg = Release|Any CPU
		{09EDD85A-35BA-4381-AA24-8D2A44BA9157}.Release|Any CPU.Build.0 = Release|Any CPU
		{494271D8-402E-486B-871A-C51F9A39B729}.Debug|Any CPU.ActiveCfg = Debug|Any CPU
		{494271D8-402E-486B-871A-C51F9A39B729}.Debug|Any CPU.Build.0 = Debug|Any CPU
		{494271D8-402E-486B-871A-C51F9A39B729}.Release|Any CPU.ActiveCfg = Release|Any CPU
		{494271D8-402E-486B-871A-C51F9A39B729}.Release|Any CPU.Build.0 = Release|Any CPU
		{C942D269-B17F-43C1-B122-B64B59520695}.Debug|Any CPU.ActiveCfg = Debug|Any CPU
		{C942D269-B17F-43C1-B122-B64B59520695}.Debug|Any CPU.Build.0 = Debug|Any CPU
		{C942D269-B17F-43C1-B122-B64B59520695}.Release|Any CPU.ActiveCfg = Release|Any CPU
		{C942D269-B17F-43C1-B122-B64B59520695}.Release|Any CPU.Build.0 = Release|Any CPU
		{011B9D76-E394-4974-86ED-C3C837137828}.Debug|Any CPU.ActiveCfg = Debug|Any CPU
		{011B9D76-E394-4974-86ED-C3C837137828}.Debug|Any CPU.Build.0 = Debug|Any CPU
		{011B9D76-E394-4974-86ED-C3C837137828}.Release|Any CPU.ActiveCfg = Release|Any CPU
		{011B9D76-E394-4974-86ED-C3C837137828}.Release|Any CPU.Build.0 = Release|Any CPU
		{F15D6C0D-EE4F-4E88-8135-D1A7978DF5D1}.Debug|Any CPU.ActiveCfg = Debug|Any CPU
		{F15D6C0D-EE4F-4E88-8135-D1A7978DF5D1}.Debug|Any CPU.Build.0 = Debug|Any CPU
		{F15D6C0D-EE4F-4E88-8135-D1A7978DF5D1}.Release|Any CPU.ActiveCfg = Release|Any CPU
		{F15D6C0D-EE4F-4E88-8135-D1A7978DF5D1}.Release|Any CPU.Build.0 = Release|Any CPU
		{50B9E55E-B312-4B4B-9B87-F26A3A9BD18C}.Debug|Any CPU.ActiveCfg = Debug|Any CPU
		{50B9E55E-B312-4B4B-9B87-F26A3A9BD18C}.Debug|Any CPU.Build.0 = Debug|Any CPU
		{50B9E55E-B312-4B4B-9B87-F26A3A9BD18C}.Release|Any CPU.ActiveCfg = Release|Any CPU
		{50B9E55E-B312-4B4B-9B87-F26A3A9BD18C}.Release|Any CPU.Build.0 = Release|Any CPU
		{3B0E8BE3-5E6C-40BB-83B6-6F9C718ACA63}.Debug|Any CPU.ActiveCfg = Debug|Any CPU
		{3B0E8BE3-5E6C-40BB-83B6-6F9C718ACA63}.Debug|Any CPU.Build.0 = Debug|Any CPU
		{3B0E8BE3-5E6C-40BB-83B6-6F9C718ACA63}.Release|Any CPU.ActiveCfg = Release|Any CPU
		{3B0E8BE3-5E6C-40BB-83B6-6F9C718ACA63}.Release|Any CPU.Build.0 = Release|Any CPU
	EndGlobalSection
	GlobalSection(SolutionProperties) = preSolution
		HideSolutionNode = FALSE
	EndGlobalSection
	GlobalSection(NestedProjects) = preSolution
		{C9CAACE3-6AF4-4F93-8F93-93493937AF05} = {1FDD2CF5-ECBD-4D71-8ABD-C251C99CA175}
		{CC143A49-22A5-45BE-80F5-742FCB732790} = {1FDD2CF5-ECBD-4D71-8ABD-C251C99CA175}
		{90D41894-D408-41A3-80D3-647340C945B3} = {1FDD2CF5-ECBD-4D71-8ABD-C251C99CA175}
		{4DC9742C-0E43-42C2-88F9-63934217AE74} = {06F0E300-8A99-4C30-B72D-0A64E969E59B}
		{15C9BE0E-8A1D-4BF0-9583-57F95C628294} = {06F0E300-8A99-4C30-B72D-0A64E969E59B}
		{09EDD85A-35BA-4381-AA24-8D2A44BA9157} = {06F0E300-8A99-4C30-B72D-0A64E969E59B}
		{494271D8-402E-486B-871A-C51F9A39B729} = {FEA26080-B79D-454B-907E-7EEB90C8EFB4}
		{C942D269-B17F-43C1-B122-B64B59520695} = {FEA26080-B79D-454B-907E-7EEB90C8EFB4}
		{011B9D76-E394-4974-86ED-C3C837137828} = {FEA26080-B79D-454B-907E-7EEB90C8EFB4}
		{F15D6C0D-EE4F-4E88-8135-D1A7978DF5D1} = {3C7EF0EC-53A9-4F3B-A144-008E63AFDA89}
		{50B9E55E-B312-4B4B-9B87-F26A3A9BD18C} = {3C7EF0EC-53A9-4F3B-A144-008E63AFDA89}
		{3B0E8BE3-5E6C-40BB-83B6-6F9C718ACA63} = {3C7EF0EC-53A9-4F3B-A144-008E63AFDA89}
	EndGlobalSection
	GlobalSection(ExtensibilityGlobals) = postSolution
		SolutionGuid = {BD88A02D-8B17-4827-8505-BB4887CAE18A}
	EndGlobalSection
EndGlobal
